
Microsoft Visual Studio Solution File, Format Version 12.00
# Visual Studio Version 16
VisualStudioVersion = 16.0.30907.101
MinimumVisualStudioVersion = 10.0.40219.1
Project("{FAE04EC0-301F-11D3-BF4B-00C04F79EFBC}") = "sumaDENumeros", "sumaDENumeros\sumaDENumeros.csproj", "{068E0279-FD22-4C51-BD5D-CCDA32807F17}"
EndProject
Global
	GlobalSection(SolutionConfigurationPlatforms) = preSolution
		Debug|Any CPU = Debug|Any CPU
		Release|Any CPU = Release|Any CPU
	EndGlobalSection
	GlobalSection(ProjectConfigurationPlatforms) = postSolution
		{068E0279-FD22-4C51-BD5D-CCDA32807F17}.Debug|Any CPU.ActiveCfg = Debug|Any CPU
		{068E0279-FD22-4C51-BD5D-CCDA32807F17}.Debug|Any CPU.Build.0 = Debug|Any CPU
		{068E0279-FD22-4C51-BD5D-CCDA32807F17}.Release|Any CPU.ActiveCfg = Release|Any CPU
		{068E0279-FD22-4C51-BD5D-CCDA32807F17}.Release|Any CPU.Build.0 = Release|Any CPU
	EndGlobalSection
	GlobalSection(SolutionProperties) = preSolution
		HideSolutionNode = FALSE
	EndGlobalSection
	GlobalSection(ExtensibilityGlobals) = postSolution
		SolutionGuid = {3DFB39FE-0EB6-4FAE-A8CA-232E50C18A52}
	EndGlobalSection
EndGlobal
